
Microsoft Visual Studio Solution File, Format Version 12.00
# Visual Studio 15
VisualStudioVersion = 15.0.27130.2027
MinimumVisualStudioVersion = 10.0.40219.1
Project("{8BC9CEB8-8B4A-11D0-8D11-00A0C91BC942}") = "Tamagotchi", "Tamagotchi\Tamagotchi.vcxproj", "{3CDF8E1F-7D56-41D2-BBE9-7EAE9B814EE4}"
EndProject
Global
	GlobalSection(SolutionConfigurationPlatforms) = preSolution
		Debug|x64 = Debug|x64
		Debug|x86 = Debug|x86
		Release|x64 = Release|x64
		Release|x86 = Release|x86
	EndGlobalSection
	GlobalSection(ProjectConfigurationPlatforms) = postSolution
		{3CDF8E1F-7D56-41D2-BBE9-7EAE9B814EE4}.Debug|x64.ActiveCfg = Debug|x64
		{3CDF8E1F-7D56-41D2-BBE9-7EAE9B814EE4}.Debug|x64.Build.0 = Debug|x64
		{3CDF8E1F-7D56-41D2-BBE9-7EAE9B814EE4}.Debug|x86.ActiveCfg = Debug|Win32
		{3CDF8E1F-7D56-41D2-BBE9-7EAE9B814EE4}.Debug|x86.Build.0 = Debug|Win32
		{3CDF8E1F-7D56-41D2-BBE9-7EAE9B814EE4}.Release|x64.ActiveCfg = Release|x64
		{3CDF8E1F-7D56-41D2-BBE9-7EAE9B814EE4}.Release|x64.Build.0 = Release|x64
		{3CDF8E1F-7D56-41D2-BBE9-7EAE9B814EE4}.Release|x86.ActiveCfg = Release|Win32
		{3CDF8E1F-7D56-41D2-BBE9-7EAE9B814EE4}.Release|x86.Build.0 = Release|Win32
	EndGlobalSection
	GlobalSection(SolutionProperties) = preSolution
		HideSolutionNode = FALSE
	EndGlobalSection
	GlobalSection(ExtensibilityGlobals) = postSolution
		SolutionGuid = {B243E1E7-477F-4AB8-B906-320E29171AE5}
	EndGlobalSection
EndGlobal
